// !$*UTF8*$!
{
	archiveVersion = 1;
	classes = {
	};
	objectVersion = 48;
	objects = {

/* Begin PBXBuildFile section */
		2810FB031FB60BE800C6FC70 /* OverlayPlane.swift in Sources */ = {isa = PBXBuildFile; fileRef = 2810FB021FB60BE800C6FC70 /* OverlayPlane.swift */; };
		2810FB051FB60CC600C6FC70 /* overlay_grid.png in Resources */ = {isa = PBXBuildFile; fileRef = 2810FB041FB60CC600C6FC70 /* overlay_grid.png */; };
		2836E7281FB0AD540065A4D4 /* Extensions.swift in Sources */ = {isa = PBXBuildFile; fileRef = 2836E7271FB0AD540065A4D4 /* Extensions.swift */; };
		28A9AF921FACFDE500BBF123 /* AppDelegate.swift in Sources */ = {isa = PBXBuildFile; fileRef = 28A9AF911FACFDE500BBF123 /* AppDelegate.swift */; };
		28A9AF941FACFDE500BBF123 /* art.scnassets in Resources */ = {isa = PBXBuildFile; fileRef = 28A9AF931FACFDE500BBF123 /* art.scnassets */; };
		28A9AF961FACFDE500BBF123 /* ViewController.swift in Sources */ = {isa = PBXBuildFile; fileRef = 28A9AF951FACFDE500BBF123 /* ViewController.swift */; };
		28A9AF991FACFDE500BBF123 /* Main.storyboard in Resources */ = {isa = PBXBuildFile; fileRef = 28A9AF971FACFDE500BBF123 /* Main.storyboard */; };
		28A9AF9B1FACFDE500BBF123 /* Assets.xcassets in Resources */ = {isa = PBXBuildFile; fileRef = 28A9AF9A1FACFDE500BBF123 /* Assets.xcassets */; };
		28A9AF9E1FACFDE500BBF123 /* LaunchScreen.storyboard in Resources */ = {isa = PBXBuildFile; fileRef = 28A9AF9C1FACFDE500BBF123 /* LaunchScreen.storyboard */; };
		28A9AFA91FACFDE500BBF123 /* Hello_AR_WorldTests.swift in Sources */ = {isa = PBXBuildFile; fileRef = 28A9AFA81FACFDE500BBF123 /* Hello_AR_WorldTests.swift */; };
		28A9AFB41FAFD39700BBF123 /* SimpleBoxViewController.swift in Sources */ = {isa = PBXBuildFile; fileRef = 28A9AFB31FAFD39700BBF123 /* SimpleBoxViewController.swift */; };
		28A9AFB61FAFE2FC00BBF123 /* earth.jpg in Resources */ = {isa = PBXBuildFile; fileRef = 28A9AFB51FAFE2FC00BBF123 /* earth.jpg */; };
		28A9AFB81FAFE30400BBF123 /* brick.jpg in Resources */ = {isa = PBXBuildFile; fileRef = 28A9AFB71FAFE30400BBF123 /* brick.jpg */; };
/* End PBXBuildFile section */

/* Begin PBXContainerItemProxy section */
		28A9AFA51FACFDE500BBF123 /* PBXContainerItemProxy */ = {
			isa = PBXContainerItemProxy;
			containerPortal = 28A9AF861FACFDE500BBF123 /* Project object */;
			proxyType = 1;
			remoteGlobalIDString = 28A9AF8D1FACFDE500BBF123;
			remoteInfo = "Hello-AR-World";
		};
/* End PBXContainerItemProxy section */

/* Begin PBXFileReference section */
		2810FB021FB60BE800C6FC70 /* OverlayPlane.swift */ = {isa = PBXFileReference; fileEncoding = 4; lastKnownFileType = sourcecode.swift; path = OverlayPlane.swift; sourceTree = "<group>"; };
		2810FB041FB60CC600C6FC70 /* overlay_grid.png */ = {isa = PBXFileReference; lastKnownFileType = image.png; path = overlay_grid.png; sourceTree = "<group>"; };
		2836E7271FB0AD540065A4D4 /* Extensions.swift */ = {isa = PBXFileReference; lastKnownFileType = sourcecode.swift; path = Extensions.swift; sourceTree = "<group>"; };
		28A9AF8E1FACFDE500BBF123 /* Hello-AR-World.app */ = {isa = PBXFileReference; explicitFileType = wrapper.application; includeInIndex = 0; path = "Hello-AR-World.app"; sourceTree = BUILT_PRODUCTS_DIR; };
		28A9AF911FACFDE500BBF123 /* AppDelegate.swift */ = {isa = PBXFileReference; lastKnownFileType = sourcecode.swift; path = AppDelegate.swift; sourceTree = "<group>"; };
		28A9AF931FACFDE500BBF123 /* art.scnassets */ = {isa = PBXFileReference; lastKnownFileType = wrapper.scnassets; path = art.scnassets; sourceTree = "<group>"; };
		28A9AF951FACFDE500BBF123 /* ViewController.swift */ = {isa = PBXFileReference; lastKnownFileType = sourcecode.swift; path = ViewController.swift; sourceTree = "<group>"; };
		28A9AF981FACFDE500BBF123 /* Base */ = {isa = PBXFileReference; lastKnownFileType = file.storyboard; name = Base; path = Base.lproj/Main.storyboard; sourceTree = "<group>"; };
		28A9AF9A1FACFDE500BBF123 /* Assets.xcassets */ = {isa = PBXFileReference; lastKnownFileType = folder.assetcatalog; path = Assets.xcassets; sourceTree = "<group>"; };
		28A9AF9D1FACFDE500BBF123 /* Base */ = {isa = PBXFileReference; lastKnownFileType = file.storyboard; name = Base; path = Base.lproj/LaunchScreen.storyboard; sourceTree = "<group>"; };
		28A9AF9F1FACFDE500BBF123 /* Info.plist */ = {isa = PBXFileReference; lastKnownFileType = text.plist.xml; path = Info.plist; sourceTree = "<group>"; };
		28A9AFA41FACFDE500BBF123 /* Hello-AR-WorldTests.xctest */ = {isa = PBXFileReference; explicitFileType = wrapper.cfbundle; includeInIndex = 0; path = "Hello-AR-WorldTests.xctest"; sourceTree = BUILT_PRODUCTS_DIR; };
		28A9AFA81FACFDE500BBF123 /* Hello_AR_WorldTests.swift */ = {isa = PBXFileReference; lastKnownFileType = sourcecode.swift; path = Hello_AR_WorldTests.swift; sourceTree = "<group>"; };
		28A9AFAA1FACFDE500BBF123 /* Info.plist */ = {isa = PBXFileReference; lastKnownFileType = text.plist.xml; path = Info.plist; sourceTree = "<group>"; };
		28A9AFB31FAFD39700BBF123 /* SimpleBoxViewController.swift */ = {isa = PBXFileReference; lastKnownFileType = sourcecode.swift; path = SimpleBoxViewController.swift; sourceTree = "<group>"; };
		28A9AFB51FAFE2FC00BBF123 /* earth.jpg */ = {isa = PBXFileReference; lastKnownFileType = image.jpeg; path = earth.jpg; sourceTree = "<group>"; };
		28A9AFB71FAFE30400BBF123 /* brick.jpg */ = {isa = PBXFileReference; lastKnownFileType = image.jpeg; path = brick.jpg; sourceTree = "<group>"; };
/* End PBXFileReference section */

/* Begin PBXFrameworksBuildPhase section */
		28A9AF8B1FACFDE500BBF123 /* Frameworks */ = {
			isa = PBXFrameworksBuildPhase;
			buildActionMask = 2147483647;
			files = (
			);
			runOnlyForDeploymentPostprocessing = 0;
		};
		28A9AFA11FACFDE500BBF123 /* Frameworks */ = {
			isa = PBXFrameworksBuildPhase;
			buildActionMask = 2147483647;
			files = (
			);
			runOnlyForDeploymentPostprocessing = 0;
		};
/* End PBXFrameworksBuildPhase section */

/* Begin PBXGroup section */
		28A9AF851FACFDE500BBF123 = {
			isa = PBXGroup;
			children = (
				28A9AF901FACFDE500BBF123 /* Hello-AR-World */,
				28A9AFA71FACFDE500BBF123 /* Hello-AR-WorldTests */,
				28A9AF8F1FACFDE500BBF123 /* Products */,
			);
			sourceTree = "<group>";
		};
		28A9AF8F1FACFDE500BBF123 /* Products */ = {
			isa = PBXGroup;
			children = (
				28A9AF8E1FACFDE500BBF123 /* Hello-AR-World.app */,
				28A9AFA41FACFDE500BBF123 /* Hello-AR-WorldTests.xctest */,
			);
			name = Products;
			sourceTree = "<group>";
		};
		28A9AF901FACFDE500BBF123 /* Hello-AR-World */ = {
			isa = PBXGroup;
			children = (
				2810FB041FB60CC600C6FC70 /* overlay_grid.png */,
				2810FB021FB60BE800C6FC70 /* OverlayPlane.swift */,
				28A9AFB71FAFE30400BBF123 /* brick.jpg */,
				28A9AFB51FAFE2FC00BBF123 /* earth.jpg */,
				28A9AF911FACFDE500BBF123 /* AppDelegate.swift */,
				28A9AF931FACFDE500BBF123 /* art.scnassets */,
				28A9AF951FACFDE500BBF123 /* ViewController.swift */,
				28A9AF971FACFDE500BBF123 /* Main.storyboard */,
				28A9AF9A1FACFDE500BBF123 /* Assets.xcassets */,
				28A9AF9C1FACFDE500BBF123 /* LaunchScreen.storyboard */,
				28A9AF9F1FACFDE500BBF123 /* Info.plist */,
				28A9AFB31FAFD39700BBF123 /* SimpleBoxViewController.swift */,
				2836E7271FB0AD540065A4D4 /* Extensions.swift */,
			);
			path = "Hello-AR-World";
			sourceTree = "<group>";
		};
		28A9AFA71FACFDE500BBF123 /* Hello-AR-WorldTests */ = {
			isa = PBXGroup;
			children = (
				28A9AFA81FACFDE500BBF123 /* Hello_AR_WorldTests.swift */,
				28A9AFAA1FACFDE500BBF123 /* Info.plist */,
			);
			path = "Hello-AR-WorldTests";
			sourceTree = "<group>";
		};
/* End PBXGroup section */

/* Begin PBXNativeTarget section */
		28A9AF8D1FACFDE500BBF123 /* Hello-AR-World */ = {
			isa = PBXNativeTarget;
			buildConfigurationList = 28A9AFAD1FACFDE500BBF123 /* Build configuration list for PBXNativeTarget "Hello-AR-World" */;
			buildPhases = (
				28A9AF8A1FACFDE500BBF123 /* Sources */,
				28A9AF8B1FACFDE500BBF123 /* Frameworks */,
				28A9AF8C1FACFDE500BBF123 /* Resources */,
			);
			buildRules = (
			);
			dependencies = (
			);
			name = "Hello-AR-World";
			productName = "Hello-AR-World";
			productReference = 28A9AF8E1FACFDE500BBF123 /* Hello-AR-World.app */;
			productType = "com.apple.product-type.application";
		};
		28A9AFA31FACFDE500BBF123 /* Hello-AR-WorldTests */ = {
			isa = PBXNativeTarget;
			buildConfigurationList = 28A9AFB01FACFDE500BBF123 /* Build configuration list for PBXNativeTarget "Hello-AR-WorldTests" */;
			buildPhases = (
				28A9AFA01FACFDE500BBF123 /* Sources */,
				28A9AFA11FACFDE500BBF123 /* Frameworks */,
				28A9AFA21FACFDE500BBF123 /* Resources */,
			);
			buildRules = (
			);
			dependencies = (
				28A9AFA61FACFDE500BBF123 /* PBXTargetDependency */,
			);
			name = "Hello-AR-WorldTests";
			productName = "Hello-AR-WorldTests";
			productReference = 28A9AFA41FACFDE500BBF123 /* Hello-AR-WorldTests.xctest */;
			productType = "com.apple.product-type.bundle.unit-test";
		};
/* End PBXNativeTarget section */

/* Begin PBXProject section */
		28A9AF861FACFDE500BBF123 /* Project object */ = {
			isa = PBXProject;
			attributes = {
				LastSwiftUpdateCheck = 0910;
				LastUpgradeCheck = 0910;
				ORGANIZATIONNAME = "Bill Barbour";
				TargetAttributes = {
					28A9AF8D1FACFDE500BBF123 = {
						CreatedOnToolsVersion = 9.1;
						ProvisioningStyle = Automatic;
					};
					28A9AFA31FACFDE500BBF123 = {
						CreatedOnToolsVersion = 9.1;
						ProvisioningStyle = Automatic;
						TestTargetID = 28A9AF8D1FACFDE500BBF123;
					};
				};
			};
			buildConfigurationList = 28A9AF891FACFDE500BBF123 /* Build configuration list for PBXProject "Hello-AR-World" */;
			compatibilityVersion = "Xcode 8.0";
			developmentRegion = en;
			hasScannedForEncodings = 0;
			knownRegions = (
				en,
				Base,
			);
			mainGroup = 28A9AF851FACFDE500BBF123;
			productRefGroup = 28A9AF8F1FACFDE500BBF123 /* Products */;
			projectDirPath = "";
			projectRoot = "";
			targets = (
				28A9AF8D1FACFDE500BBF123 /* Hello-AR-World */,
				28A9AFA31FACFDE500BBF123 /* Hello-AR-WorldTests */,
			);
		};
/* End PBXProject section */

/* Begin PBXResourcesBuildPhase section */
		28A9AF8C1FACFDE500BBF123 /* Resources */ = {
			isa = PBXResourcesBuildPhase;
			buildActionMask = 2147483647;
			files = (
				28A9AF941FACFDE500BBF123 /* art.scnassets in Resources */,
				28A9AFB61FAFE2FC00BBF123 /* earth.jpg in Resources */,
				28A9AF9E1FACFDE500BBF123 /* LaunchScreen.storyboard in Resources */,
				28A9AF9B1FACFDE500BBF123 /* Assets.xcassets in Resources */,
				28A9AF991FACFDE500BBF123 /* Main.storyboard in Resources */,
				2810FB051FB60CC600C6FC70 /* overlay_grid.png in Resources */,
				28A9AFB81FAFE30400BBF123 /* brick.jpg in Resources */,
			);
			runOnlyForDeploymentPostprocessing = 0;
		};
		28A9AFA21FACFDE500BBF123 /* Resources */ = {
			isa = PBXResourcesBuildPhase;
			buildActionMask = 2147483647;
			files = (
			);
			runOnlyForDeploymentPostprocessing = 0;
		};
/* End PBXResourcesBuildPhase section */

/* Begin PBXSourcesBuildPhase section */
		28A9AF8A1FACFDE500BBF123 /* Sources */ = {
			isa = PBXSourcesBuildPhase;
			buildActionMask = 2147483647;
			files = (
				28A9AF961FACFDE500BBF123 /* ViewController.swift in Sources */,
				28A9AFB41FAFD39700BBF123 /* SimpleBoxViewController.swift in Sources */,
				28A9AF921FACFDE500BBF123 /* AppDelegate.swift in Sources */,
				2836E7281FB0AD540065A4D4 /* Extensions.swift in Sources */,
				2810FB031FB60BE800C6FC70 /* OverlayPlane.swift in Sources */,
			);
			runOnlyForDeploymentPostprocessing = 0;
		};
		28A9AFA01FACFDE500BBF123 /* Sources */ = {
			isa = PBXSourcesBuildPhase;
			buildActionMask = 2147483647;
			files = (
				28A9AFA91FACFDE500BBF123 /* Hello_AR_WorldTests.swift in Sources */,
			);
			runOnlyForDeploymentPostprocessing = 0;
		};
/* End PBXSourcesBuildPhase section */

/* Begin PBXTargetDependency section */
		28A9AFA61FACFDE500BBF123 /* PBXTargetDependency */ = {
			isa = PBXTargetDependency;
			target = 28A9AF8D1FACFDE500BBF123 /* Hello-AR-World */;
			targetProxy = 28A9AFA51FACFDE500BBF123 /* PBXContainerItemProxy */;
		};
/* End PBXTargetDependency section */

/* Begin PBXVariantGroup section */
		28A9AF971FACFDE500BBF123 /* Main.storyboard */ = {
			isa = PBXVariantGroup;
			children = (
				28A9AF981FACFDE500BBF123 /* Base */,
			);
			name = Main.storyboard;
			sourceTree = "<group>";
		};
		28A9AF9C1FACFDE500BBF123 /* LaunchScreen.storyboard */ = {
			isa = PBXVariantGroup;
			children = (
				28A9AF9D1FACFDE500BBF123 /* Base */,
			);
			name = LaunchScreen.storyboard;
			sourceTree = "<group>";
		};
/* End PBXVariantGroup section */

/* Begin XCBuildConfiguration section */
		28A9AFAB1FACFDE500BBF123 /* Debug */ = {
			isa = XCBuildConfiguration;
			buildSettings = {
				ALWAYS_SEARCH_USER_PATHS = NO;
				CLANG_ANALYZER_NONNULL = YES;
				CLANG_ANALYZER_NUMBER_OBJECT_CONVERSION = YES_AGGRESSIVE;
				CLANG_CXX_LANGUAGE_STANDARD = "gnu++14";
				CLANG_CXX_LIBRARY = "libc++";
				CLANG_ENABLE_MODULES = YES;
				CLANG_ENABLE_OBJC_ARC = YES;
				CLANG_WARN_BLOCK_CAPTURE_AUTORELEASING = YES;
				CLANG_WARN_BOOL_CONVERSION = YES;
				CLANG_WARN_COMMA = YES;
				CLANG_WARN_CONSTANT_CONVERSION = YES;
				CLANG_WARN_DIRECT_OBJC_ISA_USAGE = YES_ERROR;
				CLANG_WARN_DOCUMENTATION_COMMENTS = YES;
				CLANG_WARN_EMPTY_BODY = YES;
				CLANG_WARN_ENUM_CONVERSION = YES;
				CLANG_WARN_INFINITE_RECURSION = YES;
				CLANG_WARN_INT_CONVERSION = YES;
				CLANG_WARN_NON_LITERAL_NULL_CONVERSION = YES;
				CLANG_WARN_OBJC_LITERAL_CONVERSION = YES;
				CLANG_WARN_OBJC_ROOT_CLASS = YES_ERROR;
				CLANG_WARN_RANGE_LOOP_ANALYSIS = YES;
				CLANG_WARN_STRICT_PROTOTYPES = YES;
				CLANG_WARN_SUSPICIOUS_MOVE = YES;
				CLANG_WARN_UNGUARDED_AVAILABILITY = YES_AGGRESSIVE;
				CLANG_WARN_UNREACHABLE_CODE = YES;
				CLANG_WARN__DUPLICATE_METHOD_MATCH = YES;
				CODE_SIGN_IDENTITY = "iPhone Developer";
				COPY_PHASE_STRIP = NO;
				DEBUG_INFORMATION_FORMAT = dwarf;
				ENABLE_STRICT_OBJC_MSGSEND = YES;
				ENABLE_TESTABILITY = YES;
				GCC_C_LANGUAGE_STANDARD = gnu11;
				GCC_DYNAMIC_NO_PIC = NO;
				GCC_NO_COMMON_BLOCKS = YES;
				GCC_OPTIMIZATION_LEVEL = 0;
				GCC_PREPROCESSOR_DEFINITIONS = (
					"DEBUG=1",
					"$(inherited)",
				);
				GCC_WARN_64_TO_32_BIT_CONVERSION = YES;
				GCC_WARN_ABOUT_RETURN_TYPE = YES_ERROR;
				GCC_WARN_UNDECLARED_SELECTOR = YES;
				GCC_WARN_UNINITIALIZED_AUTOS = YES_AGGRESSIVE;
				GCC_WARN_UNUSED_FUNCTION = YES;
				GCC_WARN_UNUSED_VARIABLE = YES;
				IPHONEOS_DEPLOYMENT_TARGET = 11.1;
				MTL_ENABLE_DEBUG_INFO = YES;
				ONLY_ACTIVE_ARCH = YES;
				SDKROOT = iphoneos;
				SWIFT_ACTIVE_COMPILATION_CONDITIONS = DEBUG;
				SWIFT_OPTIMIZATION_LEVEL = "-Onone";
			};
			name = Debug;
		};
		28A9AFAC1FACFDE500BBF123 /* Release */ = {
			isa = XCBuildConfiguration;
			buildSettings = {
				ALWAYS_SEARCH_USER_PATHS = NO;
				CLANG_ANALYZER_NONNULL = YES;
				CLANG_ANALYZER_NUMBER_OBJECT_CONVERSION = YES_AGGRESSIVE;
				CLANG_CXX_LANGUAGE_STANDARD = "gnu++14";
				CLANG_CXX_LIBRARY = "libc++";
				CLANG_ENABLE_MODULES = YES;
				CLANG_ENABLE_OBJC_ARC = YES;
				CLANG_WARN_BLOCK_CAPTURE_AUTORELEASING = YES;
				CLANG_WARN_BOOL_CONVERSION = YES;
				CLANG_WARN_COMMA = YES;
				CLANG_WARN_CONSTANT_CONVERSION = YES;
				CLANG_WARN_DIRECT_OBJC_ISA_USAGE = YES_ERROR;
				CLANG_WARN_DOCUMENTATION_COMMENTS = YES;
				CLANG_WARN_EMPTY_BODY = YES;
				CLANG_WARN_ENUM_CONVERSION = YES;
				CLANG_WARN_INFINITE_RECURSION = YES;
				CLANG_WARN_INT_CONVERSION = YES;
				CLANG_WARN_NON_LITERAL_NULL_CONVERSION = YES;
				CLANG_WARN_OBJC_LITERAL_CONVERSION = YES;
				CLANG_WARN_OBJC_ROOT_CLASS = YES_ERROR;
				CLANG_WARN_RANGE_LOOP_ANALYSIS = YES;
				CLANG_WARN_STRICT_PROTOTYPES = YES;
				CLANG_WARN_SUSPICIOUS_MOVE = YES;
				CLANG_WARN_UNGUARDED_AVAILABILITY = YES_AGGRESSIVE;
				CLANG_WARN_UNREACHABLE_CODE = YES;
				CLANG_WARN__DUPLICATE_METHOD_MATCH = YES;
				CODE_SIGN_IDENTITY = "iPhone Developer";
				COPY_PHASE_STRIP = NO;
				DEBUG_INFORMATION_FORMAT = "dwarf-with-dsym";
				ENABLE_NS_ASSERTIONS = NO;
				ENABLE_STRICT_OBJC_MSGSEND = YES;
				GCC_C_LANGUAGE_STANDARD = gnu11;
				GCC_NO_COMMON_BLOCKS = YES;
				GCC_WARN_64_TO_32_BIT_CONVERSION = YES;
				GCC_WARN_ABOUT_RETURN_TYPE = YES_ERROR;
				GCC_WARN_UNDECLARED_SELECTOR = YES;
				GCC_WARN_UNINITIALIZED_AUTOS = YES_AGGRESSIVE;
				GCC_WARN_UNUSED_FUNCTION = YES;
				GCC_WARN_UNUSED_VARIABLE = YES;
				IPHONEOS_DEPLOYMENT_TARGET = 11.1;
				MTL_ENABLE_DEBUG_INFO = NO;
				SDKROOT = iphoneos;
				SWIFT_OPTIMIZATION_LEVEL = "-Owholemodule";
				VALIDATE_PRODUCT = YES;
			};
			name = Release;
		};
		28A9AFAE1FACFDE500BBF123 /* Debug */ = {
			isa = XCBuildConfiguration;
			buildSettings = {
				ASSETCATALOG_COMPILER_APPICON_NAME = AppIcon;
				CODE_SIGN_STYLE = Automatic;
				DEVELOPMENT_TEAM = 88VUW4YW4Q;
				INFOPLIST_FILE = "Hello-AR-World/Info.plist";
				LD_RUNPATH_SEARCH_PATHS = "$(inherited) @executable_path/Frameworks";
				PRODUCT_BUNDLE_IDENTIFIER = "us.sograsoft.com.Hello-AR-World";
				PRODUCT_NAME = "$(TARGET_NAME)";
				SWIFT_VERSION = 4.0;
				TARGETED_DEVICE_FAMILY = "1,2";
			};
			name = Debug;
		};
		28A9AFAF1FACFDE500BBF123 /* Release */ = {
			isa = XCBuildConfiguration;
			buildSettings = {
				ASSETCATALOG_COMPILER_APPICON_NAME = AppIcon;
				CODE_SIGN_STYLE = Automatic;
				DEVELOPMENT_TEAM = 88VUW4YW4Q;
				INFOPLIST_FILE = "Hello-AR-World/Info.plist";
				LD_RUNPATH_SEARCH_PATHS = "$(inherited) @executable_path/Frameworks";
				PRODUCT_BUNDLE_IDENTIFIER = "us.sograsoft.com.Hello-AR-World";
				PRODUCT_NAME = "$(TARGET_NAME)";
				SWIFT_VERSION = 4.0;
				TARGETED_DEVICE_FAMILY = "1,2";
			};
			name = Release;
		};
		28A9AFB11FACFDE500BBF123 /* Debug */ = {
			isa = XCBuildConfiguration;
			buildSettings = {
				ALWAYS_EMBED_SWIFT_STANDARD_LIBRARIES = YES;
				BUNDLE_LOADER = "$(TEST_HOST)";
				CODE_SIGN_STYLE = Automatic;
				INFOPLIST_FILE = "Hello-AR-WorldTests/Info.plist";
				LD_RUNPATH_SEARCH_PATHS = "$(inherited) @executable_path/Frameworks @loader_path/Frameworks";
				PRODUCT_BUNDLE_IDENTIFIER = "us.sograsoft.com.Hello-AR-WorldTests";
				PRODUCT_NAME = "$(TARGET_NAME)";
				SWIFT_VERSION = 4.0;
				TARGETED_DEVICE_FAMILY = "1,2";
				TEST_HOST = "$(BUILT_PRODUCTS_DIR)/Hello-AR-World.app/Hello-AR-World";
			};
			name = Debug;
		};
		28A9AFB21FACFDE500BBF123 /* Release */ = {
			isa = XCBuildConfiguration;
			buildSettings = {
				ALWAYS_EMBED_SWIFT_STANDARD_LIBRARIES = YES;
				BUNDLE_LOADER = "$(TEST_HOST)";
				CODE_SIGN_STYLE = Automatic;
				INFOPLIST_FILE = "Hello-AR-WorldTests/Info.plist";
				LD_RUNPATH_SEARCH_PATHS = "$(inherited) @executable_path/Frameworks @loader_path/Frameworks";
				PRODUCT_BUNDLE_IDENTIFIER = "us.sograsoft.com.Hello-AR-WorldTests";
				PRODUCT_NAME = "$(TARGET_NAME)";
				SWIFT_VERSION = 4.0;
				TARGETED_DEVICE_FAMILY = "1,2";
				TEST_HOST = "$(BUILT_PRODUCTS_DIR)/Hello-AR-World.app/Hello-AR-World";
			};
			name = Release;
		};
/* End XCBuildConfiguration section */

/* Begin XCConfigurationList section */
		28A9AF891FACFDE500BBF123 /* Build configuration list for PBXProject "Hello-AR-World" */ = {
			isa = XCConfigurationList;
			buildConfigurations = (
				28A9AFAB1FACFDE500BBF123 /* Debug */,
				28A9AFAC1FACFDE500BBF123 /* Release */,
			);
			defaultConfigurationIsVisible = 0;
			defaultConfigurationName = Release;
		};
		28A9AFAD1FACFDE500BBF123 /* Build configuration list for PBXNativeTarget "Hello-AR-World" */ = {
			isa = XCConfigurationList;
			buildConfigurations = (
				28A9AFAE1FACFDE500BBF123 /* Debug */,
				28A9AFAF1FACFDE500BBF123 /* Release */,
			);
			defaultConfigurationIsVisible = 0;
			defaultConfigurationName = Release;
		};
		28A9AFB01FACFDE500BBF123 /* Build configuration list for PBXNativeTarget "Hello-AR-WorldTests" */ = {
			isa = XCConfigurationList;
			buildConfigurations = (
				28A9AFB11FACFDE500BBF123 /* Debug */,
				28A9AFB21FACFDE500BBF123 /* Release */,
			);
			defaultConfigurationIsVisible = 0;
			defaultConfigurationName = Release;
		};
/* End XCConfigurationList section */
	};
	rootObject = 28A9AF861FACFDE500BBF123 /* Project object */;
}
